
Microsoft Visual Studio Solution File, Format Version 12.00
# Visual Studio 15
Project("{FAE04EC0-301F-11D3-BF4B-00C04F79EFBC}") = "UnityEngine.TestRunner", "UnityEngine.TestRunner.csproj", "{01B1BFF9-F8EB-01DA-B770-0788E04F46BD}"
EndProject
Project("{FAE04EC0-301F-11D3-BF4B-00C04F79EFBC}") = "Unity.Timeline", "Unity.Timeline.csproj", "{AA71CFAB-420E-E867-0666-4F0F82B56279}"
EndProject
Project("{FAE04EC0-301F-11D3-BF4B-00C04F79EFBC}") = "UnityEngine.UI", "UnityEngine.UI.csproj", "{03AC2CA7-AF01-FE34-84B6-7CE92CF47147}"
EndProject
Project("{FAE04EC0-301F-11D3-BF4B-00C04F79EFBC}") = "Unity.TextMeshPro", "Unity.TextMeshPro.csproj", "{3375ABF2-BCB5-BC3F-D583-0FE77C66C37C}"
EndProject
Project("{FAE04EC0-301F-11D3-BF4B-00C04F79EFBC}") = "Assembly-CSharp", "Assembly-CSharp.csproj", "{32C3BDE6-E125-3128-82C1-25D0441455A3}"
EndProject
Project("{FAE04EC0-301F-11D3-BF4B-00C04F79EFBC}") = "UnityEditor.TestRunner", "UnityEditor.TestRunner.csproj", "{A3047590-38BB-CCB1-C01D-C771027F8920}"
EndProject
Project("{FAE04EC0-301F-11D3-BF4B-00C04F79EFBC}") = "Unity.PlasticSCM.Editor", "Unity.PlasticSCM.Editor.csproj", "{D91B6A68-CC51-EEDF-EECD-A582294ED2E9}"
EndProject
Project("{FAE04EC0-301F-11D3-BF4B-00C04F79EFBC}") = "UnityEditor.UI", "UnityEditor.UI.csproj", "{067C016A-9BDF-7DCE-2E59-C851BCB7CD88}"
EndProject
Project("{FAE04EC0-301F-11D3-BF4B-00C04F79EFBC}") = "Unity.Timeline.Editor", "Unity.Timeline.Editor.csproj", "{9DC54C43-50D1-95EB-BB01-5C3160E083A4}"
EndProject
Project("{FAE04EC0-301F-11D3-BF4B-00C04F79EFBC}") = "Unity.VisualStudio.Editor", "Unity.VisualStudio.Editor.csproj", "{A5250F35-1318-2544-DD4C-5C2FC4147C97}"
EndProject
Project("{FAE04EC0-301F-11D3-BF4B-00C04F79EFBC}") = "Unity.TextMeshPro.Editor", "Unity.TextMeshPro.Editor.csproj", "{AB010756-D918-EA42-906F-0FD15891EDA7}"
EndProject
Project("{FAE04EC0-301F-11D3-BF4B-00C04F79EFBC}") = "Unity.CollabProxy.Editor", "Unity.CollabProxy.Editor.csproj", "{167C60AB-AB6D-7EED-BEB2-EFA64D7C53B6}"
EndProject
Project("{FAE04EC0-301F-11D3-BF4B-00C04F79EFBC}") = "Unity.Rider.Editor", "Unity.Rider.Editor.csproj", "{9B168589-3356-01B5-B9F7-335C1615CD9E}"
EndProject
Project("{FAE04EC0-301F-11D3-BF4B-00C04F79EFBC}") = "Unity.VSCode.Editor", "Unity.VSCode.Editor.csproj", "{86D4755F-5CEC-9BB4-CFF1-41DB8CAD4A63}"
EndProject
Project("{FAE04EC0-301F-11D3-BF4B-00C04F79EFBC}") = "UnityEngine.TestRunner", "UnityEngine.TestRunner.Player.csproj", "{8DCC4497-F8CC-283E-A391-57AFEC9F6136}"
EndProject
Project("{FAE04EC0-301F-11D3-BF4B-00C04F79EFBC}") = "Unity.Timeline", "Unity.Timeline.Player.csproj", "{AF1E7EDF-B1AC-9357-E8D2-99BCE54A8C87}"
EndProject
Project("{FAE04EC0-301F-11D3-BF4B-00C04F79EFBC}") = "UnityEngine.UI", "UnityEngine.UI.Player.csproj", "{4175FC37-CA84-8EB6-BBC7-3A725EFBFEB2}"
EndProject
Project("{FAE04EC0-301F-11D3-BF4B-00C04F79EFBC}") = "Unity.TextMeshPro", "Unity.TextMeshPro.Player.csproj", "{AAC37154-B4C3-415A-650E-0078602C0FA1}"
EndProject
Project("{FAE04EC0-301F-11D3-BF4B-00C04F79EFBC}") = "Assembly-CSharp", "Assembly-CSharp.Player.csproj", "{01581593-00CC-05E8-4BB5-DE9370206819}"
EndProject
Global
	GlobalSection(SolutionConfigurationPlatforms) = preSolution
		Debug|Any CPU = Debug|Any CPU
		Release|Any CPU = Release|Any CPU
	EndGlobalSection
	GlobalSection(ProjectConfigurationPlatforms) = postSolution
		{01B1BFF9-F8EB-01DA-B770-0788E04F46BD}.Debug|Any CPU.ActiveCfg = Debug|Any CPU
		{01B1BFF9-F8EB-01DA-B770-0788E04F46BD}.Debug|Any CPU.Build.0 = Debug|Any CPU
		{01B1BFF9-F8EB-01DA-B770-0788E04F46BD}.Release|Any CPU.ActiveCfg = Release|Any CPU
		{01B1BFF9-F8EB-01DA-B770-0788E04F46BD}.Release|Any CPU.Build.0 = Release|Any CPU
		{AA71CFAB-420E-E867-0666-4F0F82B56279}.Debug|Any CPU.ActiveCfg = Debug|Any CPU
		{AA71CFAB-420E-E867-0666-4F0F82B56279}.Debug|Any CPU.Build.0 = Debug|Any CPU
		{AA71CFAB-420E-E867-0666-4F0F82B56279}.Release|Any CPU.ActiveCfg = Release|Any CPU
		{AA71CFAB-420E-E867-0666-4F0F82B56279}.Release|Any CPU.Build.0 = Release|Any CPU
		{03AC2CA7-AF01-FE34-84B6-7CE92CF47147}.Debug|Any CPU.ActiveCfg = Debug|Any CPU
		{03AC2CA7-AF01-FE34-84B6-7CE92CF47147}.Debug|Any CPU.Build.0 = Debug|Any CPU
		{03AC2CA7-AF01-FE34-84B6-7CE92CF47147}.Release|Any CPU.ActiveCfg = Release|Any CPU
		{03AC2CA7-AF01-FE34-84B6-7CE92CF47147}.Release|Any CPU.Build.0 = Release|Any CPU
		{3375ABF2-BCB5-BC3F-D583-0FE77C66C37C}.Debug|Any CPU.ActiveCfg = Debug|Any CPU
		{3375ABF2-BCB5-BC3F-D583-0FE77C66C37C}.Debug|Any CPU.Build.0 = Debug|Any CPU
		{3375ABF2-BCB5-BC3F-D583-0FE77C66C37C}.Release|Any CPU.ActiveCfg = Release|Any CPU
		{3375ABF2-BCB5-BC3F-D583-0FE77C66C37C}.Release|Any CPU.Build.0 = Release|Any CPU
		{32C3BDE6-E125-3128-82C1-25D0441455A3}.Debug|Any CPU.ActiveCfg = Debug|Any CPU
		{32C3BDE6-E125-3128-82C1-25D0441455A3}.Debug|Any CPU.Build.0 = Debug|Any CPU
		{32C3BDE6-E125-3128-82C1-25D0441455A3}.Release|Any CPU.ActiveCfg = Release|Any CPU
		{32C3BDE6-E125-3128-82C1-25D0441455A3}.Release|Any CPU.Build.0 = Release|Any CPU
		{A3047590-38BB-CCB1-C01D-C771027F8920}.Debug|Any CPU.ActiveCfg = Debug|Any CPU
		{A3047590-38BB-CCB1-C01D-C771027F8920}.Debug|Any CPU.Build.0 = Debug|Any CPU
		{A3047590-38BB-CCB1-C01D-C771027F8920}.Release|Any CPU.ActiveCfg = Release|Any CPU
		{A3047590-38BB-CCB1-C01D-C771027F8920}.Release|Any CPU.Build.0 = Release|Any CPU
		{D91B6A68-CC51-EEDF-EECD-A582294ED2E9}.Debug|Any CPU.ActiveCfg = Debug|Any CPU
		{D91B6A68-CC51-EEDF-EECD-A582294ED2E9}.Debug|Any CPU.Build.0 = Debug|Any CPU
		{D91B6A68-CC51-EEDF-EECD-A582294ED2E9}.Release|Any CPU.ActiveCfg = Release|Any CPU
		{D91B6A68-CC51-EEDF-EECD-A582294ED2E9}.Release|Any CPU.Build.0 = Release|Any CPU
		{067C016A-9BDF-7DCE-2E59-C851BCB7CD88}.Debug|Any CPU.ActiveCfg = Debug|Any CPU
		{067C016A-9BDF-7DCE-2E59-C851BCB7CD88}.Debug|Any CPU.Build.0 = Debug|Any CPU
		{067C016A-9BDF-7DCE-2E59-C851BCB7CD88}.Release|Any CPU.ActiveCfg = Release|Any CPU
		{067C016A-9BDF-7DCE-2E59-C851BCB7CD88}.Release|Any CPU.Build.0 = Release|Any CPU
		{9DC54C43-50D1-95EB-BB01-5C3160E083A4}.Debug|Any CPU.ActiveCfg = Debug|Any CPU
		{9DC54C43-50D1-95EB-BB01-5C3160E083A4}.Debug|Any CPU.Build.0 = Debug|Any CPU
		{9DC54C43-50D1-95EB-BB01-5C3160E083A4}.Release|Any CPU.ActiveCfg = Release|Any CPU
		{9DC54C43-50D1-95EB-BB01-5C3160E083A4}.Release|Any CPU.Build.0 = Release|Any CPU
		{A5250F35-1318-2544-DD4C-5C2FC4147C97}.Debug|Any CPU.ActiveCfg = Debug|Any CPU
		{A5250F35-1318-2544-DD4C-5C2FC4147C97}.Debug|Any CPU.Build.0 = Debug|Any CPU
		{A5250F35-1318-2544-DD4C-5C2FC4147C97}.Release|Any CPU.ActiveCfg = Release|Any CPU
		{A5250F35-1318-2544-DD4C-5C2FC4147C97}.Release|Any CPU.Build.0 = Release|Any CPU
		{AB010756-D918-EA42-906F-0FD15891EDA7}.Debug|Any CPU.ActiveCfg = Debug|Any CPU
		{AB010756-D918-EA42-906F-0FD15891EDA7}.Debug|Any CPU.Build.0 = Debug|Any CPU
		{AB010756-D918-EA42-906F-0FD15891EDA7}.Release|Any CPU.ActiveCfg = Release|Any CPU
		{AB010756-D918-EA42-906F-0FD15891EDA7}.Release|Any CPU.Build.0 = Release|Any CPU
		{167C60AB-AB6D-7EED-BEB2-EFA64D7C53B6}.Debug|Any CPU.ActiveCfg = Debug|Any CPU
		{167C60AB-AB6D-7EED-BEB2-EFA64D7C53B6}.Debug|Any CPU.Build.0 = Debug|Any CPU
		{167C60AB-AB6D-7EED-BEB2-EFA64D7C53B6}.Release|Any CPU.ActiveCfg = Release|Any CPU
		{167C60AB-AB6D-7EED-BEB2-EFA64D7C53B6}.Release|Any CPU.Build.0 = Release|Any CPU
		{9B168589-3356-01B5-B9F7-335C1615CD9E}.Debug|Any CPU.ActiveCfg = Debug|Any CPU
		{9B168589-3356-01B5-B9F7-335C1615CD9E}.Debug|Any CPU.Build.0 = Debug|Any CPU
		{9B168589-3356-01B5-B9F7-335C1615CD9E}.Release|Any CPU.ActiveCfg = Release|Any CPU
		{9B168589-3356-01B5-B9F7-335C1615CD9E}.Release|Any CPU.Build.0 = Release|Any CPU
		{86D4755F-5CEC-9BB4-CFF1-41DB8CAD4A63}.Debug|Any CPU.ActiveCfg = Debug|Any CPU
		{86D4755F-5CEC-9BB4-CFF1-41DB8CAD4A63}.Debug|Any CPU.Build.0 = Debug|Any CPU
		{86D4755F-5CEC-9BB4-CFF1-41DB8CAD4A63}.Release|Any CPU.ActiveCfg = Release|Any CPU
		{86D4755F-5CEC-9BB4-CFF1-41DB8CAD4A63}.Release|Any CPU.Build.0 = Release|Any CPU
		{8DCC4497-F8CC-283E-A391-57AFEC9F6136}.Debug|Any CPU.ActiveCfg = Debug|Any CPU
		{8DCC4497-F8CC-283E-A391-57AFEC9F6136}.Debug|Any CPU.Build.0 = Debug|Any CPU
		{8DCC4497-F8CC-283E-A391-57AFEC9F6136}.Release|Any CPU.ActiveCfg = Release|Any CPU
		{8DCC4497-F8CC-283E-A391-57AFEC9F6136}.Release|Any CPU.Build.0 = Release|Any CPU
		{AF1E7EDF-B1AC-9357-E8D2-99BCE54A8C87}.Debug|Any CPU.ActiveCfg = Debug|Any CPU
		{AF1E7EDF-B1AC-9357-E8D2-99BCE54A8C87}.Debug|Any CPU.Build.0 = Debug|Any CPU
		{AF1E7EDF-B1AC-9357-E8D2-99BCE54A8C87}.Release|Any CPU.ActiveCfg = Release|Any CPU
		{AF1E7EDF-B1AC-9357-E8D2-99BCE54A8C87}.Release|Any CPU.Build.0 = Release|Any CPU
		{4175FC37-CA84-8EB6-BBC7-3A725EFBFEB2}.Debug|Any CPU.ActiveCfg = Debug|Any CPU
		{4175FC37-CA84-8EB6-BBC7-3A725EFBFEB2}.Debug|Any CPU.Build.0 = Debug|Any CPU
		{4175FC37-CA84-8EB6-BBC7-3A725EFBFEB2}.Release|Any CPU.ActiveCfg = Release|Any CPU
		{4175FC37-CA84-8EB6-BBC7-3A725EFBFEB2}.Release|Any CPU.Build.0 = Release|Any CPU
		{AAC37154-B4C3-415A-650E-0078602C0FA1}.Debug|Any CPU.ActiveCfg = Debug|Any CPU
		{AAC37154-B4C3-415A-650E-0078602C0FA1}.Debug|Any CPU.Build.0 = Debug|Any CPU
		{AAC37154-B4C3-415A-650E-0078602C0FA1}.Release|Any CPU.ActiveCfg = Release|Any CPU
		{AAC37154-B4C3-415A-650E-0078602C0FA1}.Release|Any CPU.Build.0 = Release|Any CPU
		{01581593-00CC-05E8-4BB5-DE9370206819}.Debug|Any CPU.ActiveCfg = Debug|Any CPU
		{01581593-00CC-05E8-4BB5-DE9370206819}.Debug|Any CPU.Build.0 = Debug|Any CPU
		{01581593-00CC-05E8-4BB5-DE9370206819}.Release|Any CPU.ActiveCfg = Release|Any CPU
		{01581593-00CC-05E8-4BB5-DE9370206819}.Release|Any CPU.Build.0 = Release|Any CPU
	EndGlobalSection
	GlobalSection(SolutionProperties) = preSolution
		HideSolutionNode = FALSE
	EndGlobalSection
EndGlobal
